
Microsoft Visual Studio Solution File, Format Version 12.00
# Visual Studio 2015
Project("{FAE04EC0-301F-11D3-BF4B-00C04F79EFBC}") = "PT.CSharp", "PT.CSharp.csproj", "{F4BC169D-FD79-6A2D-2B50-DECB0EBC3309}"
EndProject
Project("{FAE04EC0-301F-11D3-BF4B-00C04F79EFBC}") = "PT.CSharp.Editor", "PT.CSharp.Editor.csproj", "{3F5A1DED-537A-DEA2-C251-FC4D5134497F}"
EndProject
Global
	GlobalSection(SolutionConfigurationPlatforms) = preSolution
		Debug|Any CPU = Debug|Any CPU
		Release|Any CPU = Release|Any CPU
	EndGlobalSection
	GlobalSection(ProjectConfigurationPlatforms) = postSolution
		{F4BC169D-FD79-6A2D-2B50-DECB0EBC3309}.Debug|Any CPU.ActiveCfg = Debug|Any CPU
		{F4BC169D-FD79-6A2D-2B50-DECB0EBC3309}.Debug|Any CPU.Build.0 = Debug|Any CPU
		{F4BC169D-FD79-6A2D-2B50-DECB0EBC3309}.Release|Any CPU.ActiveCfg = Release|Any CPU
		{F4BC169D-FD79-6A2D-2B50-DECB0EBC3309}.Release|Any CPU.Build.0 = Release|Any CPU
		{3F5A1DED-537A-DEA2-C251-FC4D5134497F}.Debug|Any CPU.ActiveCfg = Debug|Any CPU
		{3F5A1DED-537A-DEA2-C251-FC4D5134497F}.Debug|Any CPU.Build.0 = Debug|Any CPU
		{3F5A1DED-537A-DEA2-C251-FC4D5134497F}.Release|Any CPU.ActiveCfg = Release|Any CPU
		{3F5A1DED-537A-DEA2-C251-FC4D5134497F}.Release|Any CPU.Build.0 = Release|Any CPU
	EndGlobalSection
	GlobalSection(SolutionProperties) = preSolution
		HideSolutionNode = FALSE
	EndGlobalSection
EndGlobal
